
Microsoft Visual Studio Solution File, Format Version 12.00
# Visual Studio Version 17
VisualStudioVersion = 17.9.34714.143
MinimumVisualStudioVersion = 10.0.40219.1
Project("{FAE04EC0-301F-11D3-BF4B-00C04F79EFBC}") = "WindowsFormsApp3", "WindowsFormsApp3\WindowsFormsApp3.csproj", "{CE98358E-42F5-441E-AF69-70EBE6F206CC}"
EndProject
Global
	GlobalSection(SolutionConfigurationPlatforms) = preSolution
		Debug|Any CPU = Debug|Any CPU
		Release|Any CPU = Release|Any CPU
	EndGlobalSection
	GlobalSection(ProjectConfigurationPlatforms) = postSolution
		{CE98358E-42F5-441E-AF69-70EBE6F206CC}.Debug|Any CPU.ActiveCfg = Debug|Any CPU
		{CE98358E-42F5-441E-AF69-70EBE6F206CC}.Debug|Any CPU.Build.0 = Debug|Any CPU
		{CE98358E-42F5-441E-AF69-70EBE6F206CC}.Release|Any CPU.ActiveCfg = Release|Any CPU
		{CE98358E-42F5-441E-AF69-70EBE6F206CC}.Release|Any CPU.Build.0 = Release|Any CPU
	EndGlobalSection
	GlobalSection(SolutionProperties) = preSolution
		HideSolutionNode = FALSE
	EndGlobalSection
	GlobalSection(ExtensibilityGlobals) = postSolution
		SolutionGuid = {EC9AB6D8-AC7E-4CA4-9160-F8D5CA7675EE}
	EndGlobalSection
EndGlobal
